
Microsoft Visual Studio Solution File, Format Version 12.00
Project("{FAE04EC0-301F-11D3-BF4B-00C04F79EFBC}") = "HelloBelle", "HelloBelle\HelloBelle.csproj", "{A793999C-BE46-4B31-AAE6-4E1ED50E8154}"
EndProject
Project("{FAE04EC0-301F-11D3-BF4B-00C04F79EFBC}") = "HelloBelle.Tests", "HelloBelle.Tests\HelloBelle.Tests.csproj", "{9C5133DD-692C-4BC9-A474-EDE252BFC2D5}"
EndProject
Global
	GlobalSection(SolutionConfigurationPlatforms) = preSolution
		Debug|Any CPU = Debug|Any CPU
		Release|Any CPU = Release|Any CPU
	EndGlobalSection
	GlobalSection(ProjectConfigurationPlatforms) = postSolution
		{A793999C-BE46-4B31-AAE6-4E1ED50E8154}.Debug|Any CPU.ActiveCfg = Debug|Any CPU
		{A793999C-BE46-4B31-AAE6-4E1ED50E8154}.Debug|Any CPU.Build.0 = Debug|Any CPU
		{A793999C-BE46-4B31-AAE6-4E1ED50E8154}.Release|Any CPU.ActiveCfg = Release|Any CPU
		{A793999C-BE46-4B31-AAE6-4E1ED50E8154}.Release|Any CPU.Build.0 = Release|Any CPU
		{9C5133DD-692C-4BC9-A474-EDE252BFC2D5}.Debug|Any CPU.ActiveCfg = Debug|Any CPU
		{9C5133DD-692C-4BC9-A474-EDE252BFC2D5}.Debug|Any CPU.Build.0 = Debug|Any CPU
		{9C5133DD-692C-4BC9-A474-EDE252BFC2D5}.Release|Any CPU.ActiveCfg = Release|Any CPU
		{9C5133DD-692C-4BC9-A474-EDE252BFC2D5}.Release|Any CPU.Build.0 = Release|Any CPU
	EndGlobalSection
EndGlobal
